
Microsoft Visual Studio Solution File, Format Version 12.00
Project("{FAE04EC0-301F-11D3-BF4B-00C04F79EFBC}") = "Shoootz", "Shoootz\Shoootz.csproj", "{6144EB61-C52A-4CEF-BD20-85AFC00B86AC}"
	ProjectSection(ProjectDependencies) = postProject
		{98671E68-1347-4753-8334-D23946F43799} = {98671E68-1347-4753-8334-D23946F43799}
	EndProjectSection
EndProject
Project("{2150E333-8FDC-42A3-9474-1A3956D46DE8}") = "Theme", "Theme", "{726822FA-A863-D518-27DE-9CEAC475531B}"
EndProject
Project("{FAE04EC0-301F-11D3-BF4B-00C04F79EFBC}") = "Disag", "..\Library\Avalonia\Themes\Disag\Disag.csproj", "{98671E68-1347-4753-8334-D23946F43799}"
EndProject
Project("{2150E333-8FDC-42A3-9474-1A3956D46DE8}") = "Libraries", "Libraries", "{C1D2E3F4-A5B6-4C7D-8E9F-0A1B2C3D4E5F}"
EndProject
Project("{FAE04EC0-301F-11D3-BF4B-00C04F79EFBC}") = "Result", "..\Library\C#\Result\Result.csproj", "{A1B2C3D4-E5F6-4A7B-8C9D-0E1F2A3B4C5D}"
EndProject
Global
	GlobalSection(SolutionConfigurationPlatforms) = preSolution
		Debug|Any CPU = Debug|Any CPU
		Debug|x64 = Debug|x64
		Debug|x86 = Debug|x86
		Release|Any CPU = Release|Any CPU
		Release|x64 = Release|x64
		Release|x86 = Release|x86
	EndGlobalSection
	GlobalSection(ProjectConfigurationPlatforms) = postSolution
		{6144EB61-C52A-4CEF-BD20-85AFC00B86AC}.Debug|Any CPU.ActiveCfg = Debug|Any CPU
		{6144EB61-C52A-4CEF-BD20-85AFC00B86AC}.Debug|Any CPU.Build.0 = Debug|Any CPU
		{6144EB61-C52A-4CEF-BD20-85AFC00B86AC}.Debug|x64.ActiveCfg = Debug|Any CPU
		{6144EB61-C52A-4CEF-BD20-85AFC00B86AC}.Debug|x64.Build.0 = Debug|Any CPU
		{6144EB61-C52A-4CEF-BD20-85AFC00B86AC}.Debug|x86.ActiveCfg = Debug|Any CPU
		{6144EB61-C52A-4CEF-BD20-85AFC00B86AC}.Debug|x86.Build.0 = Debug|Any CPU
		{6144EB61-C52A-4CEF-BD20-85AFC00B86AC}.Release|Any CPU.ActiveCfg = Release|Any CPU
		{6144EB61-C52A-4CEF-BD20-85AFC00B86AC}.Release|Any CPU.Build.0 = Release|Any CPU
		{6144EB61-C52A-4CEF-BD20-85AFC00B86AC}.Release|x64.ActiveCfg = Release|Any CPU
		{6144EB61-C52A-4CEF-BD20-85AFC00B86AC}.Release|x64.Build.0 = Release|Any CPU
		{6144EB61-C52A-4CEF-BD20-85AFC00B86AC}.Release|x86.ActiveCfg = Release|Any CPU
		{6144EB61-C52A-4CEF-BD20-85AFC00B86AC}.Release|x86.Build.0 = Release|Any CPU
		{98671E68-1347-4753-8334-D23946F43799}.Debug|Any CPU.ActiveCfg = Debug|Any CPU
		{98671E68-1347-4753-8334-D23946F43799}.Debug|Any CPU.Build.0 = Debug|Any CPU
		{98671E68-1347-4753-8334-D23946F43799}.Debug|x64.ActiveCfg = Debug|Any CPU
		{98671E68-1347-4753-8334-D23946F43799}.Debug|x64.Build.0 = Debug|Any CPU
		{98671E68-1347-4753-8334-D23946F43799}.Debug|x86.ActiveCfg = Debug|Any CPU
		{98671E68-1347-4753-8334-D23946F43799}.Debug|x86.Build.0 = Debug|Any CPU
		{98671E68-1347-4753-8334-D23946F43799}.Release|Any CPU.ActiveCfg = Release|Any CPU
		{98671E68-1347-4753-8334-D23946F43799}.Release|Any CPU.Build.0 = Release|Any CPU
		{98671E68-1347-4753-8334-D23946F43799}.Release|x64.ActiveCfg = Release|Any CPU
		{98671E68-1347-4753-8334-D23946F43799}.Release|x64.Build.0 = Release|Any CPU
		{98671E68-1347-4753-8334-D23946F43799}.Release|x86.ActiveCfg = Release|Any CPU
		{98671E68-1347-4753-8334-D23946F43799}.Release|x86.Build.0 = Release|Any CPU
		{A1B2C3D4-E5F6-4A7B-8C9D-0E1F2A3B4C5D}.Debug|Any CPU.ActiveCfg = Debug|Any CPU
		{A1B2C3D4-E5F6-4A7B-8C9D-0E1F2A3B4C5D}.Debug|Any CPU.Build.0 = Debug|Any CPU
		{A1B2C3D4-E5F6-4A7B-8C9D-0E1F2A3B4C5D}.Debug|x64.ActiveCfg = Debug|Any CPU
		{A1B2C3D4-E5F6-4A7B-8C9D-0E1F2A3B4C5D}.Debug|x64.Build.0 = Debug|Any CPU
		{A1B2C3D4-E5F6-4A7B-8C9D-0E1F2A3B4C5D}.Debug|x86.ActiveCfg = Debug|Any CPU
		{A1B2C3D4-E5F6-4A7B-8C9D-0E1F2A3B4C5D}.Debug|x86.Build.0 = Debug|Any CPU
		{A1B2C3D4-E5F6-4A7B-8C9D-0E1F2A3B4C5D}.Release|Any CPU.ActiveCfg = Release|Any CPU
		{A1B2C3D4-E5F6-4A7B-8C9D-0E1F2A3B4C5D}.Release|Any CPU.Build.0 = Release|Any CPU
		{A1B2C3D4-E5F6-4A7B-8C9D-0E1F2A3B4C5D}.Release|x64.ActiveCfg = Release|Any CPU
		{A1B2C3D4-E5F6-4A7B-8C9D-0E1F2A3B4C5D}.Release|x64.Build.0 = Release|Any CPU
		{A1B2C3D4-E5F6-4A7B-8C9D-0E1F2A3B4C5D}.Release|x86.ActiveCfg = Release|Any CPU
		{A1B2C3D4-E5F6-4A7B-8C9D-0E1F2A3B4C5D}.Release|x86.Build.0 = Release|Any CPU
	EndGlobalSection
	GlobalSection(SolutionProperties) = preSolution
		HideSolutionNode = FALSE
	EndGlobalSection
	GlobalSection(NestedProjects) = preSolution
		{98671E68-1347-4753-8334-D23946F43799} = {726822FA-A863-D518-27DE-9CEAC475531B}
		{A1B2C3D4-E5F6-4A7B-8C9D-0E1F2A3B4C5D} = {C1D2E3F4-A5B6-4C7D-8E9F-0A1B2C3D4E5F}
	EndGlobalSection
EndGlobal
