<Solution>
  <Project Path="Shoootz/Shoootz.csproj" />
  <Folder Name="/Theme/">
    <Project Path="../Library/Avalonia/Themes/Disag/Disag.csproj" />
  </Folder>
  <Folder Name="/Libraries/">
    <Project Path="../Library/C#/Result/Result.csproj" />
  </Folder>
  <Folder Name="/Controls/">
    <Project Path="../Library/Avalonia/Controls/TitleBar/TitleBar.csproj" />
  </Folder>
</Solution>
